
Microsoft Visual Studio Solution File, Format Version 12.00
# Visual Studio Version 16
VisualStudioVersion = 16.0.28922.388
MinimumVisualStudioVersion = 10.0.40219.1
Project("{9A19103F-16F7-4668-BE54-9A1E7A4F7556}") = "UniversalAPP.Web", "UniversalAPP.Web\UniversalAPP.Web.csproj", "{0EE80D61-F15A-4CD7-BD9A-90F0DDC907E7}"
EndProject
Project("{9A19103F-16F7-4668-BE54-9A1E7A4F7556}") = "UniversalAPP.Tools", "Universal.Tools\UniversalAPP.Tools.csproj", "{C99F800A-6725-4C30-A16F-9DDC023C2E7D}"
EndProject
Project("{9A19103F-16F7-4668-BE54-9A1E7A4F7556}") = "UniversalAPP.Test", "Universal.Test\UniversalAPP.Test.csproj", "{2E5F1BEE-B2EE-4D0A-9623-28007C06AD5B}"
EndProject
Project("{9A19103F-16F7-4668-BE54-9A1E7A4F7556}") = "UniversalAPP.Entity", "UniversalAPP.Entity\UniversalAPP.Entity.csproj", "{FF806CA1-9EF7-4205-9149-4ED795171730}"
	ProjectSection(ProjectDependencies) = postProject
		{C99F800A-6725-4C30-A16F-9DDC023C2E7D} = {C99F800A-6725-4C30-A16F-9DDC023C2E7D}
	EndProjectSection
EndProject
Project("{9A19103F-16F7-4668-BE54-9A1E7A4F7556}") = "UniversalAPP.BLL", "UniversalAPP.BLL\UniversalAPP.BLL.csproj", "{89C9428D-D434-4C43-9FF5-67008CD51FAD}"
EndProject
Project("{9A19103F-16F7-4668-BE54-9A1E7A4F7556}") = "UniversalAPP.EFCore", "UniversalAPP.EFCore\UniversalAPP.EFCore.csproj", "{743ED9A7-8FC2-40BC-919A-4CBE5241E94F}"
EndProject
Project("{9A19103F-16F7-4668-BE54-9A1E7A4F7556}") = "UniversalAPP.EFCoreMigrator", "UniversalAPP.EFCoreMigrator\UniversalAPP.EFCoreMigrator.csproj", "{E4738E73-BFED-4945-8B1B-AC94FAC1F518}"
EndProject
Project("{9A19103F-16F7-4668-BE54-9A1E7A4F7556}") = "UniversalAPP.MongoDB", "UniversalAPP.MongoDB\UniversalAPP.MongoDB.csproj", "{A04AE58B-DDDA-4CE9-B5FA-B80D7567F462}"
EndProject
Global
	GlobalSection(SolutionConfigurationPlatforms) = preSolution
		Debug|Any CPU = Debug|Any CPU
		Release|Any CPU = Release|Any CPU
	EndGlobalSection
	GlobalSection(ProjectConfigurationPlatforms) = postSolution
		{0EE80D61-F15A-4CD7-BD9A-90F0DDC907E7}.Debug|Any CPU.ActiveCfg = Debug|Any CPU
		{0EE80D61-F15A-4CD7-BD9A-90F0DDC907E7}.Debug|Any CPU.Build.0 = Debug|Any CPU
		{0EE80D61-F15A-4CD7-BD9A-90F0DDC907E7}.Release|Any CPU.ActiveCfg = Release|Any CPU
		{0EE80D61-F15A-4CD7-BD9A-90F0DDC907E7}.Release|Any CPU.Build.0 = Release|Any CPU
		{C99F800A-6725-4C30-A16F-9DDC023C2E7D}.Debug|Any CPU.ActiveCfg = Debug|Any CPU
		{C99F800A-6725-4C30-A16F-9DDC023C2E7D}.Debug|Any CPU.Build.0 = Debug|Any CPU
		{C99F800A-6725-4C30-A16F-9DDC023C2E7D}.Release|Any CPU.ActiveCfg = Release|Any CPU
		{C99F800A-6725-4C30-A16F-9DDC023C2E7D}.Release|Any CPU.Build.0 = Release|Any CPU
		{2E5F1BEE-B2EE-4D0A-9623-28007C06AD5B}.Debug|Any CPU.ActiveCfg = Debug|Any CPU
		{2E5F1BEE-B2EE-4D0A-9623-28007C06AD5B}.Debug|Any CPU.Build.0 = Debug|Any CPU
		{2E5F1BEE-B2EE-4D0A-9623-28007C06AD5B}.Release|Any CPU.ActiveCfg = Release|Any CPU
		{2E5F1BEE-B2EE-4D0A-9623-28007C06AD5B}.Release|Any CPU.Build.0 = Release|Any CPU
		{FF806CA1-9EF7-4205-9149-4ED795171730}.Debug|Any CPU.ActiveCfg = Debug|Any CPU
		{FF806CA1-9EF7-4205-9149-4ED795171730}.Debug|Any CPU.Build.0 = Debug|Any CPU
		{FF806CA1-9EF7-4205-9149-4ED795171730}.Release|Any CPU.ActiveCfg = Release|Any CPU
		{FF806CA1-9EF7-4205-9149-4ED795171730}.Release|Any CPU.Build.0 = Release|Any CPU
		{89C9428D-D434-4C43-9FF5-67008CD51FAD}.Debug|Any CPU.ActiveCfg = Debug|Any CPU
		{89C9428D-D434-4C43-9FF5-67008CD51FAD}.Debug|Any CPU.Build.0 = Debug|Any CPU
		{89C9428D-D434-4C43-9FF5-67008CD51FAD}.Release|Any CPU.ActiveCfg = Release|Any CPU
		{89C9428D-D434-4C43-9FF5-67008CD51FAD}.Release|Any CPU.Build.0 = Release|Any CPU
		{743ED9A7-8FC2-40BC-919A-4CBE5241E94F}.Debug|Any CPU.ActiveCfg = Debug|Any CPU
		{743ED9A7-8FC2-40BC-919A-4CBE5241E94F}.Debug|Any CPU.Build.0 = Debug|Any CPU
		{743ED9A7-8FC2-40BC-919A-4CBE5241E94F}.Release|Any CPU.ActiveCfg = Release|Any CPU
		{743ED9A7-8FC2-40BC-919A-4CBE5241E94F}.Release|Any CPU.Build.0 = Release|Any CPU
		{E4738E73-BFED-4945-8B1B-AC94FAC1F518}.Debug|Any CPU.ActiveCfg = Debug|Any CPU
		{E4738E73-BFED-4945-8B1B-AC94FAC1F518}.Debug|Any CPU.Build.0 = Debug|Any CPU
		{E4738E73-BFED-4945-8B1B-AC94FAC1F518}.Release|Any CPU.ActiveCfg = Release|Any CPU
		{E4738E73-BFED-4945-8B1B-AC94FAC1F518}.Release|Any CPU.Build.0 = Release|Any CPU
		{A04AE58B-DDDA-4CE9-B5FA-B80D7567F462}.Debug|Any CPU.ActiveCfg = Debug|Any CPU
		{A04AE58B-DDDA-4CE9-B5FA-B80D7567F462}.Debug|Any CPU.Build.0 = Debug|Any CPU
		{A04AE58B-DDDA-4CE9-B5FA-B80D7567F462}.Release|Any CPU.ActiveCfg = Release|Any CPU
		{A04AE58B-DDDA-4CE9-B5FA-B80D7567F462}.Release|Any CPU.Build.0 = Release|Any CPU
	EndGlobalSection
	GlobalSection(SolutionProperties) = preSolution
		HideSolutionNode = FALSE
	EndGlobalSection
	GlobalSection(ExtensibilityGlobals) = postSolution
		SolutionGuid = {943E9F23-1573-4B3D-93DF-033067F79F41}
	EndGlobalSection
EndGlobal
